
Microsoft Visual Studio Solution File, Format Version 12.00
# Visual Studio Version 16
VisualStudioVersion = 16.0.34601.136
MinimumVisualStudioVersion = 10.0.40219.1
Project("{FAE04EC0-301F-11D3-BF4B-00C04F79EFBC}") = "WebApp", "WebApp\WebApp.csproj", "{2E83802A-3984-40EA-A66A-985E20798568}"
EndProject
Global
	GlobalSection(SolutionConfigurationPlatforms) = preSolution
		Debug|Any CPU = Debug|Any CPU
		Release|Any CPU = Release|Any CPU
	EndGlobalSection
	GlobalSection(ProjectConfigurationPlatforms) = postSolution
		{2E83802A-3984-40EA-A66A-985E20798568}.Debug|Any CPU.ActiveCfg = Debug|Any CPU
		{2E83802A-3984-40EA-A66A-985E20798568}.Debug|Any CPU.Build.0 = Debug|Any CPU
		{2E83802A-3984-40EA-A66A-985E20798568}.Release|Any CPU.ActiveCfg = Release|Any CPU
		{2E83802A-3984-40EA-A66A-985E20798568}.Release|Any CPU.Build.0 = Release|Any CPU
	EndGlobalSection
	GlobalSection(SolutionProperties) = preSolution
		HideSolutionNode = FALSE
	EndGlobalSection
	GlobalSection(ExtensibilityGlobals) = postSolution
		SolutionGuid = {46EDF4DD-0C5E-402B-BCDA-308C5A4CB88C}
	EndGlobalSection
EndGlobal
